
Microsoft Visual Studio Solution File, Format Version 12.00
# Visual Studio Version 17
VisualStudioVersion = 17.1.32328.378
MinimumVisualStudioVersion = 10.0.40219.1
Project("{FAE04EC0-301F-11D3-BF4B-00C04F79EFBC}") = "API.D2H", "API.D2H\API.D2H.csproj", "{A9ABA875-CF73-4E08-A043-D3E28A7C53EC}"
EndProject
Project("{FAE04EC0-301F-11D3-BF4B-00C04F79EFBC}") = "BL.D2H", "BL.D2H\BL.D2H.csproj", "{07192DD2-FEF6-453B-A88C-D780C4CFC2A9}"
EndProject
Project("{FAE04EC0-301F-11D3-BF4B-00C04F79EFBC}") = "Models.D2H", "Models.D2H\Models.D2H.csproj", "{45669852-4D3E-47E4-94FA-8F68C6B48A03}"
EndProject
Global
	GlobalSection(SolutionConfigurationPlatforms) = preSolution
		Debug|Any CPU = Debug|Any CPU
		Release|Any CPU = Release|Any CPU
	EndGlobalSection
	GlobalSection(ProjectConfigurationPlatforms) = postSolution
		{A9ABA875-CF73-4E08-A043-D3E28A7C53EC}.Debug|Any CPU.ActiveCfg = Debug|Any CPU
		{A9ABA875-CF73-4E08-A043-D3E28A7C53EC}.Debug|Any CPU.Build.0 = Debug|Any CPU
		{A9ABA875-CF73-4E08-A043-D3E28A7C53EC}.Release|Any CPU.ActiveCfg = Release|Any CPU
		{A9ABA875-CF73-4E08-A043-D3E28A7C53EC}.Release|Any CPU.Build.0 = Release|Any CPU
		{07192DD2-FEF6-453B-A88C-D780C4CFC2A9}.Debug|Any CPU.ActiveCfg = Debug|Any CPU
		{07192DD2-FEF6-453B-A88C-D780C4CFC2A9}.Debug|Any CPU.Build.0 = Debug|Any CPU
		{07192DD2-FEF6-453B-A88C-D780C4CFC2A9}.Release|Any CPU.ActiveCfg = Release|Any CPU
		{07192DD2-FEF6-453B-A88C-D780C4CFC2A9}.Release|Any CPU.Build.0 = Release|Any CPU
		{45669852-4D3E-47E4-94FA-8F68C6B48A03}.Debug|Any CPU.ActiveCfg = Debug|Any CPU
		{45669852-4D3E-47E4-94FA-8F68C6B48A03}.Debug|Any CPU.Build.0 = Debug|Any CPU
		{45669852-4D3E-47E4-94FA-8F68C6B48A03}.Release|Any CPU.ActiveCfg = Release|Any CPU
		{45669852-4D3E-47E4-94FA-8F68C6B48A03}.Release|Any CPU.Build.0 = Release|Any CPU
	EndGlobalSection
	GlobalSection(SolutionProperties) = preSolution
		HideSolutionNode = FALSE
	EndGlobalSection
	GlobalSection(ExtensibilityGlobals) = postSolution
		SolutionGuid = {E45E3DD3-AFCB-4557-847D-CC721E6749A8}
	EndGlobalSection
EndGlobal
